{
  "name": "salmon",
  "version": "0.1.0",
  "lockfileVersion": 3,
  "requires": true,
  "packages": {
    "": {
      "name": "salmon",
      "version": "0.1.0",
      "license": "ISC",
      "dependencies": {
        "@electric-sql/pglite": "^0.3.16",
        "@hono/node-server": "^1.19.11",
        "commander": "^14.0.3",
        "hono": "^4.12.7"
      },
      "bin": {
        "salmon": "dist/index.js"
      },
      "devDependencies": {
        "@types/node": "^25.4.0",
        "typescript": "^5.9.3"
      }
    },
    "node_modules/@electric-sql/pglite": {
      "version": "0.3.16",
      "resolved": "https://registry.npmjs.org/@electric-sql/pglite/-/pglite-0.3.16.tgz",
      "integrity": "sha512-mZkZfOd9OqTMHsK+1cje8OSzfAQcpD7JmILXTl5ahdempjUDdmg4euf1biDex5/LfQIDJ3gvCu6qDgdnDxfJmA==",
      "license": "Apache-2.0"
    },
    "node_modules/@hono/node-server": {
      "version": "1.19.11",
      "resolved": "https://registry.npmjs.org/@hono/node-server/-/node-server-1.19.11.tgz",
      "integrity": "sha512-dr8/3zEaB+p0D2n/IUrlPF1HZm586qgJNXK1a9fhg/PzdtkK7Ksd5l312tJX2yBuALqDYBlG20QEbayqPyxn+g==",
      "license": "MIT",
      "engines": {
        "node": ">=18.14.1"
      },
      "peerDependencies": {
        "hono": "^4"
      }
    },
    "node_modules/@types/node": {
      "version": "25.4.0",
      "resolved": "https://registry.npmjs.org/@types/node/-/node-25.4.0.tgz",
      "integrity": "sha512-9wLpoeWuBlcbBpOY3XmzSTG3oscB6xjBEEtn+pYXTfhyXhIxC5FsBer2KTopBlvKEiW9l13po9fq+SJY/5lkhw==",
      "dev": true,
      "license": "MIT",
      "dependencies": {
        "undici-types": "~7.18.0"
      }
    },
    "node_modules/commander": {
      "version": "14.0.3",
      "resolved": "https://registry.npmjs.org/commander/-/commander-14.0.3.tgz",
      "integrity": "sha512-H+y0Jo/T1RZ9qPP4Eh1pkcQcLRglraJaSLoyOtHxu6AapkjWVCy2Sit1QQ4x3Dng8qDlSsZEet7g5Pq06MvTgw==",
      "license": "MIT",
      "engines": {
        "node": ">=20"
      }
    },
    "node_modules/hono": {
      "version": "4.12.7",
      "resolved": "https://registry.npmjs.org/hono/-/hono-4.12.7.tgz",
      "integrity": "sha512-jq9l1DM0zVIvsm3lv9Nw9nlJnMNPOcAtsbsgiUhWcFzPE99Gvo6yRTlszSLLYacMeQ6quHD6hMfId8crVHvexw==",
      "license": "MIT",
      "engines": {
        "node": ">=16.9.0"
      }
    },
    "node_modules/typescript": {
      "version": "5.9.3",
      "resolved": "https://registry.npmjs.org/typescript/-/typescript-5.9.3.tgz",
      "integrity": "sha512-jl1vZzPDinLr9eUt3J/t7V6FgNEw9QjvBPdysz9KfQDD41fQrC2Y4vKQdiaUpFT4bXlb1RHhLpp8wtm6M5TgSw==",
      "dev": true,
      "license": "Apache-2.0",
      "bin": {
        "tsc": "bin/tsc",
        "tsserver": "bin/tsserver"
      },
      "engines": {
        "node": ">=14.17"
      }
    },
    "node_modules/undici-types": {
      "version": "7.18.2",
      "resolved": "https://registry.npmjs.org/undici-types/-/undici-types-7.18.2.tgz",
      "integrity": "sha512-AsuCzffGHJybSaRrmr5eHr81mwJU3kjw6M+uprWvCXiNeN9SOGwQ3Jn8jb8m3Z6izVgknn1R0FTCEAP2QrLY/w==",
      "dev": true,
      "license": "MIT"
    }
  }
}
